// !$*UTF8*$!
{
	archiveVersion = 1;
	classes = {
	};
	objectVersion = 56;
	objects = {

/* Begin PBXBuildFile section */
		5159E0F92B99A72900F3E575 /* AppDelegate.swift in Sources */ = {isa = PBXBuildFile; fileRef = 5159E0F82B99A72900F3E575 /* AppDelegate.swift */; };
		5159E0FD2B99A72A00F3E575 /* Assets.xcassets in Resources */ = {isa = PBXBuildFile; fileRef = 5159E0FC2B99A72A00F3E575 /* Assets.xcassets */; };
		5159E1002B99A72A00F3E575 /* Main.storyboard in Resources */ = {isa = PBXBuildFile; fileRef = 5159E0FE2B99A72A00F3E575 /* Main.storyboard */; };
		5159E11B2B9A580800F3E575 /* SettingsTabViewController.swift in Sources */ = {isa = PBXBuildFile; fileRef = 5159E1172B9A580800F3E575 /* SettingsTabViewController.swift */; };
		5159E11C2B9A580800F3E575 /* SettingsWindowController.swift in Sources */ = {isa = PBXBuildFile; fileRef = 5159E1182B9A580800F3E575 /* SettingsWindowController.swift */; };
		5159E11D2B9A580800F3E575 /* SettingsPaneViewController.swift in Sources */ = {isa = PBXBuildFile; fileRef = 5159E1192B9A580800F3E575 /* SettingsPaneViewController.swift */; };
		5159E1422B9B717100F3E575 /* Localizable.strings in Resources */ = {isa = PBXBuildFile; fileRef = 5159E1442B9B717100F3E575 /* Localizable.strings */; };
		51904F992B9C6D01007A8750 /* Auxiliaries.swift in Sources */ = {isa = PBXBuildFile; fileRef = 51904F982B9C6D01007A8750 /* Auxiliaries.swift */; };
		51904F9D2B9EC39A007A8750 /* SettingsWindow.swift in Sources */ = {isa = PBXBuildFile; fileRef = 51904F9C2B9EC39A007A8750 /* SettingsWindow.swift */; };
		51DA20B42F1E40870049E463 /* SettingsPaneContainerView.swift in Sources */ = {isa = PBXBuildFile; fileRef = 51DA20B32F1E40870049E463 /* SettingsPaneContainerView.swift */; };
/* End PBXBuildFile section */

/* Begin PBXFileReference section */
		5159E0F52B99A72900F3E575 /* MacAppSettingsUI-Demo.app */ = {isa = PBXFileReference; explicitFileType = wrapper.application; includeInIndex = 0; path = "MacAppSettingsUI-Demo.app"; sourceTree = BUILT_PRODUCTS_DIR; };
		5159E0F82B99A72900F3E575 /* AppDelegate.swift */ = {isa = PBXFileReference; lastKnownFileType = sourcecode.swift; path = AppDelegate.swift; sourceTree = "<group>"; };
		5159E0FC2B99A72A00F3E575 /* Assets.xcassets */ = {isa = PBXFileReference; lastKnownFileType = folder.assetcatalog; path = Assets.xcassets; sourceTree = "<group>"; };
		5159E0FF2B99A72A00F3E575 /* Base */ = {isa = PBXFileReference; lastKnownFileType = file.storyboard; name = Base; path = Base.lproj/Main.storyboard; sourceTree = "<group>"; };
		5159E1172B9A580800F3E575 /* SettingsTabViewController.swift */ = {isa = PBXFileReference; fileEncoding = 4; lastKnownFileType = sourcecode.swift; path = SettingsTabViewController.swift; sourceTree = "<group>"; };
		5159E1182B9A580800F3E575 /* SettingsWindowController.swift */ = {isa = PBXFileReference; fileEncoding = 4; lastKnownFileType = sourcecode.swift; path = SettingsWindowController.swift; sourceTree = "<group>"; };
		5159E1192B9A580800F3E575 /* SettingsPaneViewController.swift */ = {isa = PBXFileReference; fileEncoding = 4; lastKnownFileType = sourcecode.swift; path = SettingsPaneViewController.swift; sourceTree = "<group>"; };
		5159E1432B9B717100F3E575 /* en */ = {isa = PBXFileReference; lastKnownFileType = text.plist.strings; name = en; path = en.lproj/Localizable.strings; sourceTree = "<group>"; };
		5159E1452B9B717A00F3E575 /* ja */ = {isa = PBXFileReference; lastKnownFileType = text.plist.strings; name = ja; path = ja.lproj/Localizable.strings; sourceTree = "<group>"; };
		51904F982B9C6D01007A8750 /* Auxiliaries.swift */ = {isa = PBXFileReference; lastKnownFileType = sourcecode.swift; path = Auxiliaries.swift; sourceTree = "<group>"; };
		51904F9C2B9EC39A007A8750 /* SettingsWindow.swift */ = {isa = PBXFileReference; lastKnownFileType = sourcecode.swift; path = SettingsWindow.swift; sourceTree = "<group>"; };
		51DA20B32F1E40870049E463 /* SettingsPaneContainerView.swift */ = {isa = PBXFileReference; lastKnownFileType = sourcecode.swift; path = SettingsPaneContainerView.swift; sourceTree = "<group>"; };
/* End PBXFileReference section */

/* Begin PBXFrameworksBuildPhase section */
		5159E0F22B99A72900F3E575 /* Frameworks */ = {
			isa = PBXFrameworksBuildPhase;
			buildActionMask = 2147483647;
			files = (
			);
			runOnlyForDeploymentPostprocessing = 0;
		};
/* End PBXFrameworksBuildPhase section */

/* Begin PBXGroup section */
		5159E0EC2B99A72900F3E575 = {
			isa = PBXGroup;
			children = (
				5159E0F72B99A72900F3E575 /* Demo */,
				5159E1162B9A580800F3E575 /* Sources */,
				5159E0F62B99A72900F3E575 /* Products */,
			);
			sourceTree = "<group>";
		};
		5159E0F62B99A72900F3E575 /* Products */ = {
			isa = PBXGroup;
			children = (
				5159E0F52B99A72900F3E575 /* MacAppSettingsUI-Demo.app */,
			);
			name = Products;
			sourceTree = "<group>";
		};
		5159E0F72B99A72900F3E575 /* Demo */ = {
			isa = PBXGroup;
			children = (
				5159E0F82B99A72900F3E575 /* AppDelegate.swift */,
				51904F982B9C6D01007A8750 /* Auxiliaries.swift */,
				5159E0FE2B99A72A00F3E575 /* Main.storyboard */,
				5159E0FC2B99A72A00F3E575 /* Assets.xcassets */,
				5159E1442B9B717100F3E575 /* Localizable.strings */,
			);
			path = Demo;
			sourceTree = "<group>";
		};
		5159E1162B9A580800F3E575 /* Sources */ = {
			isa = PBXGroup;
			children = (
				5159E1182B9A580800F3E575 /* SettingsWindowController.swift */,
				51904F9C2B9EC39A007A8750 /* SettingsWindow.swift */,
				5159E1172B9A580800F3E575 /* SettingsTabViewController.swift */,
				5159E1192B9A580800F3E575 /* SettingsPaneViewController.swift */,
				51DA20B32F1E40870049E463 /* SettingsPaneContainerView.swift */,
			);
			path = Sources;
			sourceTree = "<group>";
		};
/* End PBXGroup section */

/* Begin PBXNativeTarget section */
		5159E0F42B99A72900F3E575 /* MacAppSettingsUI-Demo */ = {
			isa = PBXNativeTarget;
			buildConfigurationList = 5159E1042B99A72A00F3E575 /* Build configuration list for PBXNativeTarget "MacAppSettingsUI-Demo" */;
			buildPhases = (
				5159E0F12B99A72900F3E575 /* Sources */,
				5159E0F22B99A72900F3E575 /* Frameworks */,
				5159E0F32B99A72900F3E575 /* Resources */,
			);
			buildRules = (
			);
			dependencies = (
			);
			name = "MacAppSettingsUI-Demo";
			productName = MacAppSettingsUI;
			productReference = 5159E0F52B99A72900F3E575 /* MacAppSettingsUI-Demo.app */;
			productType = "com.apple.product-type.application";
		};
/* End PBXNativeTarget section */

/* Begin PBXProject section */
		5159E0ED2B99A72900F3E575 /* Project object */ = {
			isa = PBXProject;
			attributes = {
				BuildIndependentTargetsInParallel = 1;
				LastSwiftUpdateCheck = 1520;
				LastUpgradeCheck = 1520;
				TargetAttributes = {
					5159E0F42B99A72900F3E575 = {
						CreatedOnToolsVersion = 15.2;
					};
				};
			};
			buildConfigurationList = 5159E0F02B99A72900F3E575 /* Build configuration list for PBXProject "MacAppSettingsUI-Demo" */;
			compatibilityVersion = "Xcode 14.0";
			developmentRegion = en;
			hasScannedForEncodings = 0;
			knownRegions = (
				en,
				Base,
				ja,
			);
			mainGroup = 5159E0EC2B99A72900F3E575;
			productRefGroup = 5159E0F62B99A72900F3E575 /* Products */;
			projectDirPath = "";
			projectRoot = "";
			targets = (
				5159E0F42B99A72900F3E575 /* MacAppSettingsUI-Demo */,
			);
		};
/* End PBXProject section */

/* Begin PBXResourcesBuildPhase section */
		5159E0F32B99A72900F3E575 /* Resources */ = {
			isa = PBXResourcesBuildPhase;
			buildActionMask = 2147483647;
			files = (
				5159E0FD2B99A72A00F3E575 /* Assets.xcassets in Resources */,
				5159E1422B9B717100F3E575 /* Localizable.strings in Resources */,
				5159E1002B99A72A00F3E575 /* Main.storyboard in Resources */,
			);
			runOnlyForDeploymentPostprocessing = 0;
		};
/* End PBXResourcesBuildPhase section */

/* Begin PBXSourcesBuildPhase section */
		5159E0F12B99A72900F3E575 /* Sources */ = {
			isa = PBXSourcesBuildPhase;
			buildActionMask = 2147483647;
			files = (
				5159E11B2B9A580800F3E575 /* SettingsTabViewController.swift in Sources */,
				51DA20B42F1E40870049E463 /* SettingsPaneContainerView.swift in Sources */,
				5159E11D2B9A580800F3E575 /* SettingsPaneViewController.swift in Sources */,
				5159E0F92B99A72900F3E575 /* AppDelegate.swift in Sources */,
				5159E11C2B9A580800F3E575 /* SettingsWindowController.swift in Sources */,
				51904F9D2B9EC39A007A8750 /* SettingsWindow.swift in Sources */,
				51904F992B9C6D01007A8750 /* Auxiliaries.swift in Sources */,
			);
			runOnlyForDeploymentPostprocessing = 0;
		};
/* End PBXSourcesBuildPhase section */

/* Begin PBXVariantGroup section */
		5159E0FE2B99A72A00F3E575 /* Main.storyboard */ = {
			isa = PBXVariantGroup;
			children = (
				5159E0FF2B99A72A00F3E575 /* Base */,
			);
			name = Main.storyboard;
			sourceTree = "<group>";
		};
		5159E1442B9B717100F3E575 /* Localizable.strings */ = {
			isa = PBXVariantGroup;
			children = (
				5159E1432B9B717100F3E575 /* en */,
				5159E1452B9B717A00F3E575 /* ja */,
			);
			name = Localizable.strings;
			sourceTree = "<group>";
		};
/* End PBXVariantGroup section */

/* Begin XCBuildConfiguration section */
		5159E1022B99A72A00F3E575 /* Debug */ = {
			isa = XCBuildConfiguration;
			buildSettings = {
				ALWAYS_SEARCH_USER_PATHS = NO;
				ASSETCATALOG_COMPILER_GENERATE_SWIFT_ASSET_SYMBOL_EXTENSIONS = YES;
				CLANG_ANALYZER_LOCALIZABILITY_NONLOCALIZED = YES;
				CLANG_ANALYZER_NONNULL = YES;
				CLANG_ANALYZER_NUMBER_OBJECT_CONVERSION = YES_AGGRESSIVE;
				CLANG_CXX_LANGUAGE_STANDARD = "gnu++20";
				CLANG_ENABLE_MODULES = YES;
				CLANG_ENABLE_OBJC_ARC = YES;
				CLANG_ENABLE_OBJC_WEAK = YES;
				CLANG_WARN_BLOCK_CAPTURE_AUTORELEASING = YES;
				CLANG_WARN_BOOL_CONVERSION = YES;
				CLANG_WARN_COMMA = YES;
				CLANG_WARN_CONSTANT_CONVERSION = YES;
				CLANG_WARN_DEPRECATED_OBJC_IMPLEMENTATIONS = YES;
				CLANG_WARN_DIRECT_OBJC_ISA_USAGE = YES_ERROR;
				CLANG_WARN_DOCUMENTATION_COMMENTS = YES;
				CLANG_WARN_EMPTY_BODY = YES;
				CLANG_WARN_ENUM_CONVERSION = YES;
				CLANG_WARN_INFINITE_RECURSION = YES;
				CLANG_WARN_INT_CONVERSION = YES;
				CLANG_WARN_NON_LITERAL_NULL_CONVERSION = YES;
				CLANG_WARN_OBJC_IMPLICIT_RETAIN_SELF = YES;
				CLANG_WARN_OBJC_LITERAL_CONVERSION = YES;
				CLANG_WARN_OBJC_ROOT_CLASS = YES_ERROR;
				CLANG_WARN_QUOTED_INCLUDE_IN_FRAMEWORK_HEADER = YES;
				CLANG_WARN_RANGE_LOOP_ANALYSIS = YES;
				CLANG_WARN_STRICT_PROTOTYPES = YES;
				CLANG_WARN_SUSPICIOUS_MOVE = YES;
				CLANG_WARN_UNGUARDED_AVAILABILITY = YES_AGGRESSIVE;
				CLANG_WARN_UNREACHABLE_CODE = YES;
				CLANG_WARN__DUPLICATE_METHOD_MATCH = YES;
				COPY_PHASE_STRIP = NO;
				DEBUG_INFORMATION_FORMAT = dwarf;
				ENABLE_STRICT_OBJC_MSGSEND = YES;
				ENABLE_TESTABILITY = YES;
				ENABLE_USER_SCRIPT_SANDBOXING = YES;
				GCC_C_LANGUAGE_STANDARD = gnu17;
				GCC_DYNAMIC_NO_PIC = NO;
				GCC_NO_COMMON_BLOCKS = YES;
				GCC_OPTIMIZATION_LEVEL = 0;
				GCC_PREPROCESSOR_DEFINITIONS = (
					"DEBUG=1",
					"$(inherited)",
				);
				GCC_WARN_64_TO_32_BIT_CONVERSION = YES;
				GCC_WARN_ABOUT_RETURN_TYPE = YES_ERROR;
				GCC_WARN_UNDECLARED_SELECTOR = YES;
				GCC_WARN_UNINITIALIZED_AUTOS = YES_AGGRESSIVE;
				GCC_WARN_UNUSED_FUNCTION = YES;
				GCC_WARN_UNUSED_VARIABLE = YES;
				LOCALIZATION_PREFERS_STRING_CATALOGS = YES;
				MACOSX_DEPLOYMENT_TARGET = 14.2;
				MTL_ENABLE_DEBUG_INFO = INCLUDE_SOURCE;
				MTL_FAST_MATH = YES;
				ONLY_ACTIVE_ARCH = YES;
				SDKROOT = macosx;
				SWIFT_ACTIVE_COMPILATION_CONDITIONS = "DEBUG $(inherited)";
				SWIFT_OPTIMIZATION_LEVEL = "-Onone";
			};
			name = Debug;
		};
		5159E1032B99A72A00F3E575 /* Release */ = {
			isa = XCBuildConfiguration;
			buildSettings = {
				ALWAYS_SEARCH_USER_PATHS = NO;
				ASSETCATALOG_COMPILER_GENERATE_SWIFT_ASSET_SYMBOL_EXTENSIONS = YES;
				CLANG_ANALYZER_LOCALIZABILITY_NONLOCALIZED = YES;
				CLANG_ANALYZER_NONNULL = YES;
				CLANG_ANALYZER_NUMBER_OBJECT_CONVERSION = YES_AGGRESSIVE;
				CLANG_CXX_LANGUAGE_STANDARD = "gnu++20";
				CLANG_ENABLE_MODULES = YES;
				CLANG_ENABLE_OBJC_ARC = YES;
				CLANG_ENABLE_OBJC_WEAK = YES;
				CLANG_WARN_BLOCK_CAPTURE_AUTORELEASING = YES;
				CLANG_WARN_BOOL_CONVERSION = YES;
				CLANG_WARN_COMMA = YES;
				CLANG_WARN_CONSTANT_CONVERSION = YES;
				CLANG_WARN_DEPRECATED_OBJC_IMPLEMENTATIONS = YES;
				CLANG_WARN_DIRECT_OBJC_ISA_USAGE = YES_ERROR;
				CLANG_WARN_DOCUMENTATION_COMMENTS = YES;
				CLANG_WARN_EMPTY_BODY = YES;
				CLANG_WARN_ENUM_CONVERSION = YES;
				CLANG_WARN_INFINITE_RECURSION = YES;
				CLANG_WARN_INT_CONVERSION = YES;
				CLANG_WARN_NON_LITERAL_NULL_CONVERSION = YES;
				CLANG_WARN_OBJC_IMPLICIT_RETAIN_SELF = YES;
				CLANG_WARN_OBJC_LITERAL_CONVERSION = YES;
				CLANG_WARN_OBJC_ROOT_CLASS = YES_ERROR;
				CLANG_WARN_QUOTED_INCLUDE_IN_FRAMEWORK_HEADER = YES;
				CLANG_WARN_RANGE_LOOP_ANALYSIS = YES;
				CLANG_WARN_STRICT_PROTOTYPES = YES;
				CLANG_WARN_SUSPICIOUS_MOVE = YES;
				CLANG_WARN_UNGUARDED_AVAILABILITY = YES_AGGRESSIVE;
				CLANG_WARN_UNREACHABLE_CODE = YES;
				CLANG_WARN__DUPLICATE_METHOD_MATCH = YES;
				COPY_PHASE_STRIP = NO;
				DEBUG_INFORMATION_FORMAT = "dwarf-with-dsym";
				ENABLE_NS_ASSERTIONS = NO;
				ENABLE_STRICT_OBJC_MSGSEND = YES;
				ENABLE_USER_SCRIPT_SANDBOXING = YES;
				GCC_C_LANGUAGE_STANDARD = gnu17;
				GCC_NO_COMMON_BLOCKS = YES;
				GCC_WARN_64_TO_32_BIT_CONVERSION = YES;
				GCC_WARN_ABOUT_RETURN_TYPE = YES_ERROR;
				GCC_WARN_UNDECLARED_SELECTOR = YES;
				GCC_WARN_UNINITIALIZED_AUTOS = YES_AGGRESSIVE;
				GCC_WARN_UNUSED_FUNCTION = YES;
				GCC_WARN_UNUSED_VARIABLE = YES;
				LOCALIZATION_PREFERS_STRING_CATALOGS = YES;
				MACOSX_DEPLOYMENT_TARGET = 14.2;
				MTL_ENABLE_DEBUG_INFO = NO;
				MTL_FAST_MATH = YES;
				SDKROOT = macosx;
				SWIFT_COMPILATION_MODE = wholemodule;
			};
			name = Release;
		};
		5159E1052B99A72A00F3E575 /* Debug */ = {
			isa = XCBuildConfiguration;
			buildSettings = {
				ASSETCATALOG_COMPILER_APPICON_NAME = AppIcon;
				ASSETCATALOG_COMPILER_GLOBAL_ACCENT_COLOR_NAME = AccentColor;
				CODE_SIGN_ENTITLEMENTS = "";
				"CODE_SIGN_IDENTITY[sdk=macosx*]" = "-";
				CODE_SIGN_STYLE = Manual;
				COMBINE_HIDPI_IMAGES = YES;
				CURRENT_PROJECT_VERSION = 1;
				DEVELOPMENT_TEAM = "";
				ENABLE_HARDENED_RUNTIME = NO;
				GENERATE_INFOPLIST_FILE = YES;
				INFOPLIST_KEY_NSHumanReadableCopyright = "© 2022–2024 usagimaru.";
				INFOPLIST_KEY_NSMainStoryboardFile = Main;
				INFOPLIST_KEY_NSPrincipalClass = NSApplication;
				LD_RUNPATH_SEARCH_PATHS = (
					"$(inherited)",
					"@executable_path/../Frameworks",
				);
				MACOSX_DEPLOYMENT_TARGET = 11.5;
				MARKETING_VERSION = 1.0;
				PRODUCT_BUNDLE_IDENTIFIER = jp.usagimaru.MacAppSettingsUI;
				PRODUCT_NAME = "$(TARGET_NAME)";
				PROVISIONING_PROFILE_SPECIFIER = "";
				SWIFT_EMIT_LOC_STRINGS = YES;
				SWIFT_VERSION = 5.0;
			};
			name = Debug;
		};
		5159E1062B99A72A00F3E575 /* Release */ = {
			isa = XCBuildConfiguration;
			buildSettings = {
				ASSETCATALOG_COMPILER_APPICON_NAME = AppIcon;
				ASSETCATALOG_COMPILER_GLOBAL_ACCENT_COLOR_NAME = AccentColor;
				CODE_SIGN_ENTITLEMENTS = "";
				"CODE_SIGN_IDENTITY[sdk=macosx*]" = "-";
				CODE_SIGN_STYLE = Manual;
				COMBINE_HIDPI_IMAGES = YES;
				CURRENT_PROJECT_VERSION = 1;
				DEVELOPMENT_TEAM = "";
				ENABLE_HARDENED_RUNTIME = NO;
				GENERATE_INFOPLIST_FILE = YES;
				INFOPLIST_KEY_NSHumanReadableCopyright = "© 2022–2024 usagimaru.";
				INFOPLIST_KEY_NSMainStoryboardFile = Main;
				INFOPLIST_KEY_NSPrincipalClass = NSApplication;
				LD_RUNPATH_SEARCH_PATHS = (
					"$(inherited)",
					"@executable_path/../Frameworks",
				);
				MACOSX_DEPLOYMENT_TARGET = 11.5;
				MARKETING_VERSION = 1.0;
				PRODUCT_BUNDLE_IDENTIFIER = jp.usagimaru.MacAppSettingsUI;
				PRODUCT_NAME = "$(TARGET_NAME)";
				PROVISIONING_PROFILE_SPECIFIER = "";
				SWIFT_EMIT_LOC_STRINGS = YES;
				SWIFT_VERSION = 5.0;
			};
			name = Release;
		};
/* End XCBuildConfiguration section */

/* Begin XCConfigurationList section */
		5159E0F02B99A72900F3E575 /* Build configuration list for PBXProject "MacAppSettingsUI-Demo" */ = {
			isa = XCConfigurationList;
			buildConfigurations = (
				5159E1022B99A72A00F3E575 /* Debug */,
				5159E1032B99A72A00F3E575 /* Release */,
			);
			defaultConfigurationIsVisible = 0;
			defaultConfigurationName = Release;
		};
		5159E1042B99A72A00F3E575 /* Build configuration list for PBXNativeTarget "MacAppSettingsUI-Demo" */ = {
			isa = XCConfigurationList;
			buildConfigurations = (
				5159E1052B99A72A00F3E575 /* Debug */,
				5159E1062B99A72A00F3E575 /* Release */,
			);
			defaultConfigurationIsVisible = 0;
			defaultConfigurationName = Release;
		};
/* End XCConfigurationList section */
	};
	rootObject = 5159E0ED2B99A72900F3E575 /* Project object */;
}
